Microsoft Visual Studio Solution File, Format Version 12.00
# Visual Studio Version 17
VisualStudioVersion = 17.13.35931.197 d17.13
MinimumVisualStudioVersion = 10.0.40219.1
Project("{FAE04EC0-301F-11D3-BF4B-00C04F79EFBC}") = "supMMDBA", "supMMDBA\supMMDBA.csproj", "{0835DF49-D8C5-4E1A-8CC4-1406D00B24CB}"
EndProject
Global
	GlobalSection(SolutionConfigurationPlatforms) = preSolution
		Debug|Any CPU = Debug|Any CPU
		Release|Any CPU = Release|Any CPU
	EndGlobalSection
	GlobalSection(ProjectConfigurationPlatforms) = postSolution
		{0835DF49-D8C5-4E1A-8CC4-1406D00B24CB}.Debug|Any CPU.ActiveCfg = Debug|Any CPU
		{0835DF49-D8C5-4E1A-8CC4-1406D00B24CB}.Debug|Any CPU.Build.0 = Debug|Any CPU
		{0835DF49-D8C5-4E1A-8CC4-1406D00B24CB}.Release|Any CPU.ActiveCfg = Release|Any CPU
		{0835DF49-D8C5-4E1A-8CC4-1406D00B24CB}.Release|Any CPU.Build.0 = Release|Any CPU
	EndGlobalSection
	GlobalSection(SolutionProperties) = preSolution
		HideSolutionNode = FALSE
	EndGlobalSection
	GlobalSection(ExtensibilityGlobals) = postSolution
		SolutionGuid = {E607B618-F9D9-4BD1-AB07-7EC7A98520FD}
	EndGlobalSection
EndGlobal
